// !$*UTF8*$!
{
	archiveVersion = 1;
	classes = {
	};
	objectVersion = 51;
	objects = {

/* Begin PBXBuildFile section */
		0AEC320DC391DCC35EF991FE /* Pods_Jet2DemoAppTests.framework in Frameworks */ = {isa = PBXBuildFile; fileRef = 5D0697F452D8DF3D86F019ED /* Pods_Jet2DemoAppTests.framework */; };
		4C0B2BE424B74D1100C4B743 /* Structs.swift in Sources */ = {isa = PBXBuildFile; fileRef = 4C0B2BE324B74D1100C4B743 /* Structs.swift */; };
		4C0B2BE624B751D200C4B743 /* CoreDataOperations.swift in Sources */ = {isa = PBXBuildFile; fileRef = 4C0B2BE524B751D200C4B743 /* CoreDataOperations.swift */; };
		4C0B2BEE24B77DC100C4B743 /* ArticleTableViewCell.swift in Sources */ = {isa = PBXBuildFile; fileRef = 4C0B2BED24B77DC100C4B743 /* ArticleTableViewCell.swift */; };
		4C21115224B7906D00A219A0 /* Constant.swift in Sources */ = {isa = PBXBuildFile; fileRef = 4C21115124B7906D00A219A0 /* Constant.swift */; };
		4C21115724B85DBC00A219A0 /* ArticleViewModel.swift in Sources */ = {isa = PBXBuildFile; fileRef = 4C21115624B85DBC00A219A0 /* ArticleViewModel.swift */; };
		4C908E2624B63CEC00B22FEF /* AppDelegate.swift in Sources */ = {isa = PBXBuildFile; fileRef = 4C908E2524B63CEC00B22FEF /* AppDelegate.swift */; };
		4C908E2824B63CEC00B22FEF /* SceneDelegate.swift in Sources */ = {isa = PBXBuildFile; fileRef = 4C908E2724B63CEC00B22FEF /* SceneDelegate.swift */; };
		4C908E2A24B63CEC00B22FEF /* HomeVC.swift in Sources */ = {isa = PBXBuildFile; fileRef = 4C908E2924B63CEC00B22FEF /* HomeVC.swift */; };
		4C908E2D24B63CEC00B22FEF /* Main.storyboard in Resources */ = {isa = PBXBuildFile; fileRef = 4C908E2B24B63CEC00B22FEF /* Main.storyboard */; };
		4C908E3024B63CEC00B22FEF /* Jet2DemoApp.xcdatamodeld in Sources */ = {isa = PBXBuildFile; fileRef = 4C908E2E24B63CEC00B22FEF /* Jet2DemoApp.xcdatamodeld */; };
		4C908E3224B63CEE00B22FEF /* Assets.xcassets in Resources */ = {isa = PBXBuildFile; fileRef = 4C908E3124B63CEE00B22FEF /* Assets.xcassets */; };
		4C908E3524B63CEE00B22FEF /* LaunchScreen.storyboard in Resources */ = {isa = PBXBuildFile; fileRef = 4C908E3324B63CEE00B22FEF /* LaunchScreen.storyboard */; };
		4C908E4024B63CEE00B22FEF /* Jet2DemoAppTests.swift in Sources */ = {isa = PBXBuildFile; fileRef = 4C908E3F24B63CEE00B22FEF /* Jet2DemoAppTests.swift */; };
		4C908E4B24B63CEE00B22FEF /* Jet2DemoAppUITests.swift in Sources */ = {isa = PBXBuildFile; fileRef = 4C908E4A24B63CEE00B22FEF /* Jet2DemoAppUITests.swift */; };
		96CE06002ECF5FB6727C520C /* Pods_Jet2DemoApp_Jet2DemoAppUITests.framework in Frameworks */ = {isa = PBXBuildFile; fileRef = 50C8B78120642A6C81F34D56 /* Pods_Jet2DemoApp_Jet2DemoAppUITests.framework */; };
		D4C8BD539B07AFD9605C015B /* Pods_Jet2DemoApp.framework in Frameworks */ = {isa = PBXBuildFile; fileRef = 510E3A1B4505D1331B78C82E /* Pods_Jet2DemoApp.framework */; };
/* End PBXBuildFile section */

/* Begin PBXContainerItemProxy section */
		4C908E3C24B63CEE00B22FEF /* PBXContainerItemProxy */ = {
			isa = PBXContainerItemProxy;
			containerPortal = 4C908E1A24B63CEC00B22FEF /* Project object */;
			proxyType = 1;
			remoteGlobalIDString = 4C908E2124B63CEC00B22FEF;
			remoteInfo = Jet2DemoApp;
		};
		4C908E4724B63CEE00B22FEF /* PBXContainerItemProxy */ = {
			isa = PBXContainerItemProxy;
			containerPortal = 4C908E1A24B63CEC00B22FEF /* Project object */;
			proxyType = 1;
			remoteGlobalIDString = 4C908E2124B63CEC00B22FEF;
			remoteInfo = Jet2DemoApp;
		};
/* End PBXContainerItemProxy section */

/* Begin PBXFileReference section */
		4C0B2BE324B74D1100C4B743 /* Structs.swift */ = {isa = PBXFileReference; lastKnownFileType = sourcecode.swift; path = Structs.swift; sourceTree = "<group>"; };
		4C0B2BE524B751D200C4B743 /* CoreDataOperations.swift */ = {isa = PBXFileReference; lastKnownFileType = sourcecode.swift; path = CoreDataOperations.swift; sourceTree = "<group>"; };
		4C0B2BED24B77DC100C4B743 /* ArticleTableViewCell.swift */ = {isa = PBXFileReference; fileEncoding = 4; lastKnownFileType = sourcecode.swift; path = ArticleTableViewCell.swift; sourceTree = "<group>"; };
		4C21115124B7906D00A219A0 /* Constant.swift */ = {isa = PBXFileReference; fileEncoding = 4; lastKnownFileType = sourcecode.swift; path = Constant.swift; sourceTree = "<group>"; };
		4C21115624B85DBC00A219A0 /* ArticleViewModel.swift */ = {isa = PBXFileReference; fileEncoding = 4; lastKnownFileType = sourcecode.swift; path = ArticleViewModel.swift; sourceTree = "<group>"; };
		4C908E2224B63CEC00B22FEF /* Jet2DemoApp.app */ = {isa = PBXFileReference; explicitFileType = wrapper.application; includeInIndex = 0; path = Jet2DemoApp.app; sourceTree = BUILT_PRODUCTS_DIR; };
		4C908E2524B63CEC00B22FEF /* AppDelegate.swift */ = {isa = PBXFileReference; lastKnownFileType = sourcecode.swift; path = AppDelegate.swift; sourceTree = "<group>"; };
		4C908E2724B63CEC00B22FEF /* SceneDelegate.swift */ = {isa = PBXFileReference; lastKnownFileType = sourcecode.swift; path = SceneDelegate.swift; sourceTree = "<group>"; };
		4C908E2924B63CEC00B22FEF /* HomeVC.swift */ = {isa = PBXFileReference; lastKnownFileType = sourcecode.swift; path = HomeVC.swift; sourceTree = "<group>"; };
		4C908E2C24B63CEC00B22FEF /* Base */ = {isa = PBXFileReference; lastKnownFileType = file.storyboard; name = Base; path = Base.lproj/Main.storyboard; sourceTree = "<group>"; };
		4C908E2F24B63CEC00B22FEF /* Jet2DemoApp.xcdatamodel */ = {isa = PBXFileReference; lastKnownFileType = wrapper.xcdatamodel; path = Jet2DemoApp.xcdatamodel; sourceTree = "<group>"; };
		4C908E3124B63CEE00B22FEF /* Assets.xcassets */ = {isa = PBXFileReference; lastKnownFileType = folder.assetcatalog; path = Assets.xcassets; sourceTree = "<group>"; };
		4C908E3424B63CEE00B22FEF /* Base */ = {isa = PBXFileReference; lastKnownFileType = file.storyboard; name = Base; path = Base.lproj/LaunchScreen.storyboard; sourceTree = "<group>"; };
		4C908E3624B63CEE00B22FEF /* Info.plist */ = {isa = PBXFileReference; lastKnownFileType = text.plist.xml; path = Info.plist; sourceTree = "<group>"; };
		4C908E3B24B63CEE00B22FEF /* Jet2DemoAppTests.xctest */ = {isa = PBXFileReference; explicitFileType = wrapper.cfbundle; includeInIndex = 0; path = Jet2DemoAppTests.xctest; sourceTree = BUILT_PRODUCTS_DIR; };
		4C908E3F24B63CEE00B22FEF /* Jet2DemoAppTests.swift */ = {isa = PBXFileReference; lastKnownFileType = sourcecode.swift; path = Jet2DemoAppTests.swift; sourceTree = "<group>"; };
		4C908E4124B63CEE00B22FEF /* Info.plist */ = {isa = PBXFileReference; lastKnownFileType = text.plist.xml; path = Info.plist; sourceTree = "<group>"; };
		4C908E4624B63CEE00B22FEF /* Jet2DemoAppUITests.xctest */ = {isa = PBXFileReference; explicitFileType = wrapper.cfbundle; includeInIndex = 0; path = Jet2DemoAppUITests.xctest; sourceTree = BUILT_PRODUCTS_DIR; };
		4C908E4A24B63CEE00B22FEF /* Jet2DemoAppUITests.swift */ = {isa = PBXFileReference; lastKnownFileType = sourcecode.swift; path = Jet2DemoAppUITests.swift; sourceTree = "<group>"; };
		4C908E4C24B63CEE00B22FEF /* Info.plist */ = {isa = PBXFileReference; lastKnownFileType = text.plist.xml; path = Info.plist; sourceTree = "<group>"; };
		50C8B78120642A6C81F34D56 /* Pods_Jet2DemoApp_Jet2DemoAppUITests.framework */ = {isa = PBXFileReference; explicitFileType = wrapper.framework; includeInIndex = 0; path = Pods_Jet2DemoApp_Jet2DemoAppUITests.framework; sourceTree = BUILT_PRODUCTS_DIR; };
		510E3A1B4505D1331B78C82E /* Pods_Jet2DemoApp.framework */ = {isa = PBXFileReference; explicitFileType = wrapper.framework; includeInIndex = 0; path = Pods_Jet2DemoApp.framework; sourceTree = BUILT_PRODUCTS_DIR; };
		54283E219444DC21F603AB11 /* Pods-Jet2DemoApp.debug.xcconfig */ = {isa = PBXFileReference; includeInIndex = 1; lastKnownFileType = text.xcconfig; name = "Pods-Jet2DemoApp.debug.xcconfig"; path = "Target Support Files/Pods-Jet2DemoApp/Pods-Jet2DemoApp.debug.xcconfig"; sourceTree = "<group>"; };
		58D3D18312075093C4577800 /* Pods-Jet2DemoApp-Jet2DemoAppUITests.release.xcconfig */ = {isa = PBXFileReference; includeInIndex = 1; lastKnownFileType = text.xcconfig; name = "Pods-Jet2DemoApp-Jet2DemoAppUITests.release.xcconfig"; path = "Target Support Files/Pods-Jet2DemoApp-Jet2DemoAppUITests/Pods-Jet2DemoApp-Jet2DemoAppUITests.release.xcconfig"; sourceTree = "<group>"; };
		5D0697F452D8DF3D86F019ED /* Pods_Jet2DemoAppTests.framework */ = {isa = PBXFileReference; explicitFileType = wrapper.framework; includeInIndex = 0; path = Pods_Jet2DemoAppTests.framework; sourceTree = BUILT_PRODUCTS_DIR; };
		7E65AD25936EBF5F41174D2E /* Pods-Jet2DemoAppTests.release.xcconfig */ = {isa = PBXFileReference; includeInIndex = 1; lastKnownFileType = text.xcconfig; name = "Pods-Jet2DemoAppTests.release.xcconfig"; path = "Target Support Files/Pods-Jet2DemoAppTests/Pods-Jet2DemoAppTests.release.xcconfig"; sourceTree = "<group>"; };
		8D01F92CD8D06312711CF007 /* Pods-Jet2DemoAppTests.debug.xcconfig */ = {isa = PBXFileReference; includeInIndex = 1; lastKnownFileType = text.xcconfig; name = "Pods-Jet2DemoAppTests.debug.xcconfig"; path = "Target Support Files/Pods-Jet2DemoAppTests/Pods-Jet2DemoAppTests.debug.xcconfig"; sourceTree = "<group>"; };
		A5AB7C43AE06B3980AC53454 /* Pods-Jet2DemoApp.release.xcconfig */ = {isa = PBXFileReference; includeInIndex = 1; lastKnownFileType = text.xcconfig; name = "Pods-Jet2DemoApp.release.xcconfig"; path = "Target Support Files/Pods-Jet2DemoApp/Pods-Jet2DemoApp.release.xcconfig"; sourceTree = "<group>"; };
		C5B73B5178F648C883EB1071 /* Pods-Jet2DemoApp-Jet2DemoAppUITests.debug.xcconfig */ = {isa = PBXFileReference; includeInIndex = 1; lastKnownFileType = text.xcconfig; name = "Pods-Jet2DemoApp-Jet2DemoAppUITests.debug.xcconfig"; path = "Target Support Files/Pods-Jet2DemoApp-Jet2DemoAppUITests/Pods-Jet2DemoApp-Jet2DemoAppUITests.debug.xcconfig"; sourceTree = "<group>"; };
/* End PBXFileReference section */

/* Begin PBXFrameworksBuildPhase section */
		4C908E1F24B63CEC00B22FEF /* Frameworks */ = {
			isa = PBXFrameworksBuildPhase;
			buildActionMask = 2147483647;
			files = (
				D4C8BD539B07AFD9605C015B /* Pods_Jet2DemoApp.framework in Frameworks */,
			);
			runOnlyForDeploymentPostprocessing = 0;
		};
		4C908E3824B63CEE00B22FEF /* Frameworks */ = {
			isa = PBXFrameworksBuildPhase;
			buildActionMask = 2147483647;
			files = (
				0AEC320DC391DCC35EF991FE /* Pods_Jet2DemoAppTests.framework in Frameworks */,
			);
			runOnlyForDeploymentPostprocessing = 0;
		};
		4C908E4324B63CEE00B22FEF /* Frameworks */ = {
			isa = PBXFrameworksBuildPhase;
			buildActionMask = 2147483647;
			files = (
				96CE06002ECF5FB6727C520C /* Pods_Jet2DemoApp_Jet2DemoAppUITests.framework in Frameworks */,
			);
			runOnlyForDeploymentPostprocessing = 0;
		};
/* End PBXFrameworksBuildPhase section */

/* Begin PBXGroup section */
		4C0B2BE724B77D1D00C4B743 /* ViewControllers */ = {
			isa = PBXGroup;
			children = (
				4C908E2924B63CEC00B22FEF /* HomeVC.swift */,
				4C0B2BEC24B77DC100C4B743 /* Cell */,
			);
			path = ViewControllers;
			sourceTree = "<group>";
		};
		4C0B2BE824B77D3B00C4B743 /* CoreData */ = {
			isa = PBXGroup;
			children = (
				4C0B2BE524B751D200C4B743 /* CoreDataOperations.swift */,
			);
			path = CoreData;
			sourceTree = "<group>";
		};
		4C0B2BE924B77D4800C4B743 /* StoryBoard */ = {
			isa = PBXGroup;
			children = (
				4C908E2B24B63CEC00B22FEF /* Main.storyboard */,
			);
			path = StoryBoard;
			sourceTree = "<group>";
		};
		4C0B2BEC24B77DC100C4B743 /* Cell */ = {
			isa = PBXGroup;
			children = (
				4C0B2BED24B77DC100C4B743 /* ArticleTableViewCell.swift */,
			);
			path = Cell;
			sourceTree = "<group>";
		};
		4C21115024B7906D00A219A0 /* Constants */ = {
			isa = PBXGroup;
			children = (
				4C21115124B7906D00A219A0 /* Constant.swift */,
			);
			path = Constants;
			sourceTree = "<group>";
		};
		4C21115524B85DBC00A219A0 /* ModelClass */ = {
			isa = PBXGroup;
			children = (
				4C0B2BE324B74D1100C4B743 /* Structs.swift */,
				4C21115624B85DBC00A219A0 /* ArticleViewModel.swift */,
			);
			path = ModelClass;
			sourceTree = "<group>";
		};
		4C908E1924B63CEC00B22FEF = {
			isa = PBXGroup;
			children = (
				4C908E2424B63CEC00B22FEF /* Jet2DemoApp */,
				4C908E3E24B63CEE00B22FEF /* Jet2DemoAppTests */,
				4C908E4924B63CEE00B22FEF /* Jet2DemoAppUITests */,
				4C908E2324B63CEC00B22FEF /* Products */,
				553936853F4367FAA79ED653 /* Pods */,
				D7D529F47C67AE2C5C7B2F59 /* Frameworks */,
			);
			sourceTree = "<group>";
		};
		4C908E2324B63CEC00B22FEF /* Products */ = {
			isa = PBXGroup;
			children = (
				4C908E2224B63CEC00B22FEF /* Jet2DemoApp.app */,
				4C908E3B24B63CEE00B22FEF /* Jet2DemoAppTests.xctest */,
				4C908E4624B63CEE00B22FEF /* Jet2DemoAppUITests.xctest */,
			);
			name = Products;
			sourceTree = "<group>";
		};
		4C908E2424B63CEC00B22FEF /* Jet2DemoApp */ = {
			isa = PBXGroup;
			children = (
				4C908E2524B63CEC00B22FEF /* AppDelegate.swift */,
				4C908E2724B63CEC00B22FEF /* SceneDelegate.swift */,
				4C21115524B85DBC00A219A0 /* ModelClass */,
				4C21115024B7906D00A219A0 /* Constants */,
				4C0B2BE724B77D1D00C4B743 /* ViewControllers */,
				4C0B2BE824B77D3B00C4B743 /* CoreData */,
				4C0B2BE924B77D4800C4B743 /* StoryBoard */,
				4C908E3124B63CEE00B22FEF /* Assets.xcassets */,
				4C908E3324B63CEE00B22FEF /* LaunchScreen.storyboard */,
				4C908E3624B63CEE00B22FEF /* Info.plist */,
				4C908E2E24B63CEC00B22FEF /* Jet2DemoApp.xcdatamodeld */,
			);
			path = Jet2DemoApp;
			sourceTree = "<group>";
		};
		4C908E3E24B63CEE00B22FEF /* Jet2DemoAppTests */ = {
			isa = PBXGroup;
			children = (
				4C908E3F24B63CEE00B22FEF /* Jet2DemoAppTests.swift */,
				4C908E4124B63CEE00B22FEF /* Info.plist */,
			);
			path = Jet2DemoAppTests;
			sourceTree = "<group>";
		};
		4C908E4924B63CEE00B22FEF /* Jet2DemoAppUITests */ = {
			isa = PBXGroup;
			children = (
				4C908E4A24B63CEE00B22FEF /* Jet2DemoAppUITests.swift */,
				4C908E4C24B63CEE00B22FEF /* Info.plist */,
			);
			path = Jet2DemoAppUITests;
			sourceTree = "<group>";
		};
		553936853F4367FAA79ED653 /* Pods */ = {
			isa = PBXGroup;
			children = (
				54283E219444DC21F603AB11 /* Pods-Jet2DemoApp.debug.xcconfig */,
				A5AB7C43AE06B3980AC53454 /* Pods-Jet2DemoApp.release.xcconfig */,
				C5B73B5178F648C883EB1071 /* Pods-Jet2DemoApp-Jet2DemoAppUITests.debug.xcconfig */,
				58D3D18312075093C4577800 /* Pods-Jet2DemoApp-Jet2DemoAppUITests.release.xcconfig */,
				8D01F92CD8D06312711CF007 /* Pods-Jet2DemoAppTests.debug.xcconfig */,
				7E65AD25936EBF5F41174D2E /* Pods-Jet2DemoAppTests.release.xcconfig */,
			);
			path = Pods;
			sourceTree = "<group>";
		};
		D7D529F47C67AE2C5C7B2F59 /* Frameworks */ = {
			isa = PBXGroup;
			children = (
				510E3A1B4505D1331B78C82E /* Pods_Jet2DemoApp.framework */,
				50C8B78120642A6C81F34D56 /* Pods_Jet2DemoApp_Jet2DemoAppUITests.framework */,
				5D0697F452D8DF3D86F019ED /* Pods_Jet2DemoAppTests.framework */,
			);
			name = Frameworks;
			sourceTree = "<group>";
		};
/* End PBXGroup section */

/* Begin PBXNativeTarget section */
		4C908E2124B63CEC00B22FEF /* Jet2DemoApp */ = {
			isa = PBXNativeTarget;
			buildConfigurationList = 4C908E4F24B63CEE00B22FEF /* Build configuration list for PBXNativeTarget "Jet2DemoApp" */;
			buildPhases = (
				9A98BC8802243D0BFE20F8E3 /* [CP] Check Pods Manifest.lock */,
				4C908E1E24B63CEC00B22FEF /* Sources */,
				4C908E1F24B63CEC00B22FEF /* Frameworks */,
				4C908E2024B63CEC00B22FEF /* Resources */,
				EFF93D1A61BA9E3AA0880182 /* [CP] Embed Pods Frameworks */,
			);
			buildRules = (
			);
			dependencies = (
			);
			name = Jet2DemoApp;
			productName = Jet2DemoApp;
			productReference = 4C908E2224B63CEC00B22FEF /* Jet2DemoApp.app */;
			productType = "com.apple.product-type.application";
		};
		4C908E3A24B63CEE00B22FEF /* Jet2DemoAppTests */ = {
			isa = PBXNativeTarget;
			buildConfigurationList = 4C908E5224B63CEE00B22FEF /* Build configuration list for PBXNativeTarget "Jet2DemoAppTests" */;
			buildPhases = (
				123307FFE8D180EA5845F330 /* [CP] Check Pods Manifest.lock */,
				4C908E3724B63CEE00B22FEF /* Sources */,
				4C908E3824B63CEE00B22FEF /* Frameworks */,
				4C908E3924B63CEE00B22FEF /* Resources */,
			);
			buildRules = (
			);
			dependencies = (
				4C908E3D24B63CEE00B22FEF /* PBXTargetDependency */,
			);
			name = Jet2DemoAppTests;
			productName = Jet2DemoAppTests;
			productReference = 4C908E3B24B63CEE00B22FEF /* Jet2DemoAppTests.xctest */;
			productType = "com.apple.product-type.bundle.unit-test";
		};
		4C908E4524B63CEE00B22FEF /* Jet2DemoAppUITests */ = {
			isa = PBXNativeTarget;
			buildConfigurationList = 4C908E5524B63CEE00B22FEF /* Build configuration list for PBXNativeTarget "Jet2DemoAppUITests" */;
			buildPhases = (
				4E25CB28DBE04B3C534CF095 /* [CP] Check Pods Manifest.lock */,
				4C908E4224B63CEE00B22FEF /* Sources */,
				4C908E4324B63CEE00B22FEF /* Frameworks */,
				4C908E4424B63CEE00B22FEF /* Resources */,
				518C46F42DD719826CD72EE6 /* [CP] Embed Pods Frameworks */,
			);
			buildRules = (
			);
			dependencies = (
				4C908E4824B63CEE00B22FEF /* PBXTargetDependency */,
			);
			name = Jet2DemoAppUITests;
			productName = Jet2DemoAppUITests;
			productReference = 4C908E4624B63CEE00B22FEF /* Jet2DemoAppUITests.xctest */;
			productType = "com.apple.product-type.bundle.ui-testing";
		};
/* End PBXNativeTarget section */

/* Begin PBXProject section */
		4C908E1A24B63CEC00B22FEF /* Project object */ = {
			isa = PBXProject;
			attributes = {
				LastSwiftUpdateCheck = 1150;
				LastUpgradeCheck = 1150;
				ORGANIZATIONNAME = "Prasanna Gupta";
				TargetAttributes = {
					4C908E2124B63CEC00B22FEF = {
						CreatedOnToolsVersion = 11.5;
					};
					4C908E3A24B63CEE00B22FEF = {
						CreatedOnToolsVersion = 11.5;
						TestTargetID = 4C908E2124B63CEC00B22FEF;
					};
					4C908E4524B63CEE00B22FEF = {
						CreatedOnToolsVersion = 11.5;
						TestTargetID = 4C908E2124B63CEC00B22FEF;
					};
				};
			};
			buildConfigurationList = 4C908E1D24B63CEC00B22FEF /* Build configuration list for PBXProject "Jet2DemoApp" */;
			compatibilityVersion = "Xcode 9.3";
			developmentRegion = en;
			hasScannedForEncodings = 0;
			knownRegions = (
				en,
				Base,
			);
			mainGroup = 4C908E1924B63CEC00B22FEF;
			productRefGroup = 4C908E2324B63CEC00B22FEF /* Products */;
			projectDirPath = "";
			projectRoot = "";
			targets = (
				4C908E2124B63CEC00B22FEF /* Jet2DemoApp */,
				4C908E3A24B63CEE00B22FEF /* Jet2DemoAppTests */,
				4C908E4524B63CEE00B22FEF /* Jet2DemoAppUITests */,
			);
		};
/* End PBXProject section */

/* Begin PBXResourcesBuildPhase section */
		4C908E2024B63CEC00B22FEF /* Resources */ = {
			isa = PBXResourcesBuildPhase;
			buildActionMask = 2147483647;
			files = (
				4C908E3524B63CEE00B22FEF /* LaunchScreen.storyboard in Resources */,
				4C908E3224B63CEE00B22FEF /* Assets.xcassets in Resources */,
				4C908E2D24B63CEC00B22FEF /* Main.storyboard in Resources */,
			);
			runOnlyForDeploymentPostprocessing = 0;
		};
		4C908E3924B63CEE00B22FEF /* Resources */ = {
			isa = PBXResourcesBuildPhase;
			buildActionMask = 2147483647;
			files = (
			);
			runOnlyForDeploymentPostprocessing = 0;
		};
		4C908E4424B63CEE00B22FEF /* Resources */ = {
			isa = PBXResourcesBuildPhase;
			buildActionMask = 2147483647;
			files = (
			);
			runOnlyForDeploymentPostprocessing = 0;
		};
/* End PBXResourcesBuildPhase section */

/* Begin PBXShellScriptBuildPhase section */
		123307FFE8D180EA5845F330 /* [CP] Check Pods Manifest.lock */ = {
			isa = PBXShellScriptBuildPhase;
			buildActionMask = 2147483647;
			files = (
			);
			inputFileListPaths = (
			);
			inputPaths = (
				"${PODS_PODFILE_DIR_PATH}/Podfile.lock",
				"${PODS_ROOT}/Manifest.lock",
			);
			name = "[CP] Check Pods Manifest.lock";
			outputFileListPaths = (
			);
			outputPaths = (
				"$(DERIVED_FILE_DIR)/Pods-Jet2DemoAppTests-checkManifestLockResult.txt",
			);
			runOnlyForDeploymentPostprocessing = 0;
			shellPath = /bin/sh;
			shellScript = "diff \"${PODS_PODFILE_DIR_PATH}/Podfile.lock\" \"${PODS_ROOT}/Manifest.lock\" > /dev/null\nif [ $? != 0 ] ; then\n    # print error to STDERR\n    echo \"error: The sandbox is not in sync with the Podfile.lock. Run 'pod install' or update your CocoaPods installation.\" >&2\n    exit 1\nfi\n# This output is used by Xcode 'outputs' to avoid re-running this script phase.\necho \"SUCCESS\" > \"${SCRIPT_OUTPUT_FILE_0}\"\n";
			showEnvVarsInLog = 0;
		};
		4E25CB28DBE04B3C534CF095 /* [CP] Check Pods Manifest.lock */ = {
			isa = PBXShellScriptBuildPhase;
			buildActionMask = 2147483647;
			files = (
			);
			inputFileListPaths = (
			);
			inputPaths = (
				"${PODS_PODFILE_DIR_PATH}/Podfile.lock",
				"${PODS_ROOT}/Manifest.lock",
			);
			name = "[CP] Check Pods Manifest.lock";
			outputFileListPaths = (
			);
			outputPaths = (
				"$(DERIVED_FILE_DIR)/Pods-Jet2DemoApp-Jet2DemoAppUITests-checkManifestLockResult.txt",
			);
			runOnlyForDeploymentPostprocessing = 0;
			shellPath = /bin/sh;
			shellScript = "diff \"${PODS_PODFILE_DIR_PATH}/Podfile.lock\" \"${PODS_ROOT}/Manifest.lock\" > /dev/null\nif [ $? != 0 ] ; then\n    # print error to STDERR\n    echo \"error: The sandbox is not in sync with the Podfile.lock. Run 'pod install' or update your CocoaPods installation.\" >&2\n    exit 1\nfi\n# This output is used by Xcode 'outputs' to avoid re-running this script phase.\necho \"SUCCESS\" > \"${SCRIPT_OUTPUT_FILE_0}\"\n";
			showEnvVarsInLog = 0;
		};
		518C46F42DD719826CD72EE6 /* [CP] Embed Pods Frameworks */ = {
			isa = PBXShellScriptBuildPhase;
			buildActionMask = 2147483647;
			files = (
			);
			inputFileListPaths = (
				"${PODS_ROOT}/Target Support Files/Pods-Jet2DemoApp-Jet2DemoAppUITests/Pods-Jet2DemoApp-Jet2DemoAppUITests-frameworks-${CONFIGURATION}-input-files.xcfilelist",
			);
			name = "[CP] Embed Pods Frameworks";
			outputFileListPaths = (
				"${PODS_ROOT}/Target Support Files/Pods-Jet2DemoApp-Jet2DemoAppUITests/Pods-Jet2DemoApp-Jet2DemoAppUITests-frameworks-${CONFIGURATION}-output-files.xcfilelist",
			);
			runOnlyForDeploymentPostprocessing = 0;
			shellPath = /bin/sh;
			shellScript = "\"${PODS_ROOT}/Target Support Files/Pods-Jet2DemoApp-Jet2DemoAppUITests/Pods-Jet2DemoApp-Jet2DemoAppUITests-frameworks.sh\"\n";
			showEnvVarsInLog = 0;
		};
		9A98BC8802243D0BFE20F8E3 /* [CP] Check Pods Manifest.lock */ = {
			isa = PBXShellScriptBuildPhase;
			buildActionMask = 2147483647;
			files = (
			);
			inputFileListPaths = (
			);
			inputPaths = (
				"${PODS_PODFILE_DIR_PATH}/Podfile.lock",
				"${PODS_ROOT}/Manifest.lock",
			);
			name = "[CP] Check Pods Manifest.lock";
			outputFileListPaths = (
			);
			outputPaths = (
				"$(DERIVED_FILE_DIR)/Pods-Jet2DemoApp-checkManifestLockResult.txt",
			);
			runOnlyForDeploymentPostprocessing = 0;
			shellPath = /bin/sh;
			shellScript = "diff \"${PODS_PODFILE_DIR_PATH}/Podfile.lock\" \"${PODS_ROOT}/Manifest.lock\" > /dev/null\nif [ $? != 0 ] ; then\n    # print error to STDERR\n    echo \"error: The sandbox is not in sync with the Podfile.lock. Run 'pod install' or update your CocoaPods installation.\" >&2\n    exit 1\nfi\n# This output is used by Xcode 'outputs' to avoid re-running this script phase.\necho \"SUCCESS\" > \"${SCRIPT_OUTPUT_FILE_0}\"\n";
			showEnvVarsInLog = 0;
		};
		EFF93D1A61BA9E3AA0880182 /* [CP] Embed Pods Frameworks */ = {
			isa = PBXShellScriptBuildPhase;
			buildActionMask = 2147483647;
			files = (
			);
			inputFileListPaths = (
				"${PODS_ROOT}/Target Support Files/Pods-Jet2DemoApp/Pods-Jet2DemoApp-frameworks-${CONFIGURATION}-input-files.xcfilelist",
			);
			name = "[CP] Embed Pods Frameworks";
			outputFileListPaths = (
				"${PODS_ROOT}/Target Support Files/Pods-Jet2DemoApp/Pods-Jet2DemoApp-frameworks-${CONFIGURATION}-output-files.xcfilelist",
			);
			runOnlyForDeploymentPostprocessing = 0;
			shellPath = /bin/sh;
			shellScript = "\"${PODS_ROOT}/Target Support Files/Pods-Jet2DemoApp/Pods-Jet2DemoApp-frameworks.sh\"\n";
			showEnvVarsInLog = 0;
		};
/* End PBXShellScriptBuildPhase section */

/* Begin PBXSourcesBuildPhase section */
		4C908E1E24B63CEC00B22FEF /* Sources */ = {
			isa = PBXSourcesBuildPhase;
			buildActionMask = 2147483647;
			files = (
				4C908E2A24B63CEC00B22FEF /* HomeVC.swift in Sources */,
				4C21115724B85DBC00A219A0 /* ArticleViewModel.swift in Sources */,
				4C908E2624B63CEC00B22FEF /* AppDelegate.swift in Sources */,
				4C21115224B7906D00A219A0 /* Constant.swift in Sources */,
				4C0B2BE424B74D1100C4B743 /* Structs.swift in Sources */,
				4C908E2824B63CEC00B22FEF /* SceneDelegate.swift in Sources */,
				4C0B2BEE24B77DC100C4B743 /* ArticleTableViewCell.swift in Sources */,
				4C0B2BE624B751D200C4B743 /* CoreDataOperations.swift in Sources */,
				4C908E3024B63CEC00B22FEF /* Jet2DemoApp.xcdatamodeld in Sources */,
			);
			runOnlyForDeploymentPostprocessing = 0;
		};
		4C908E3724B63CEE00B22FEF /* Sources */ = {
			isa = PBXSourcesBuildPhase;
			buildActionMask = 2147483647;
			files = (
				4C908E4024B63CEE00B22FEF /* Jet2DemoAppTests.swift in Sources */,
			);
			runOnlyForDeploymentPostprocessing = 0;
		};
		4C908E4224B63CEE00B22FEF /* Sources */ = {
			isa = PBXSourcesBuildPhase;
			buildActionMask = 2147483647;
			files = (
				4C908E4B24B63CEE00B22FEF /* Jet2DemoAppUITests.swift in Sources */,
			);
			runOnlyForDeploymentPostprocessing = 0;
		};
/* End PBXSourcesBuildPhase section */

/* Begin PBXTargetDependency section */
		4C908E3D24B63CEE00B22FEF /* PBXTargetDependency */ = {
			isa = PBXTargetDependency;
			target = 4C908E2124B63CEC00B22FEF /* Jet2DemoApp */;
			targetProxy = 4C908E3C24B63CEE00B22FEF /* PBXContainerItemProxy */;
		};
		4C908E4824B63CEE00B22FEF /* PBXTargetDependency */ = {
			isa = PBXTargetDependency;
			target = 4C908E2124B63CEC00B22FEF /* Jet2DemoApp */;
			targetProxy = 4C908E4724B63CEE00B22FEF /* PBXContainerItemProxy */;
		};
/* End PBXTargetDependency section */

/* Begin PBXVariantGroup section */
		4C908E2B24B63CEC00B22FEF /* Main.storyboard */ = {
			isa = PBXVariantGroup;
			children = (
				4C908E2C24B63CEC00B22FEF /* Base */,
			);
			name = Main.storyboard;
			sourceTree = "<group>";
		};
		4C908E3324B63CEE00B22FEF /* LaunchScreen.storyboard */ = {
			isa = PBXVariantGroup;
			children = (
				4C908E3424B63CEE00B22FEF /* Base */,
			);
			name = LaunchScreen.storyboard;
			sourceTree = "<group>";
		};
/* End PBXVariantGroup section */

/* Begin XCBuildConfiguration section */
		4C908E4D24B63CEE00B22FEF /* Debug */ = {
			isa = XCBuildConfiguration;
			buildSettings = {
				ALWAYS_SEARCH_USER_PATHS = NO;
				CLANG_ANALYZER_NONNULL = YES;
				CLANG_ANALYZER_NUMBER_OBJECT_CONVERSION = YES_AGGRESSIVE;
				CLANG_CXX_LANGUAGE_STANDARD = "gnu++14";
				CLANG_CXX_LIBRARY = "libc++";
				CLANG_ENABLE_MODULES = YES;
				CLANG_ENABLE_OBJC_ARC = YES;
				CLANG_ENABLE_OBJC_WEAK = YES;
				CLANG_WARN_BLOCK_CAPTURE_AUTORELEASING = YES;
				CLANG_WARN_BOOL_CONVERSION = YES;
				CLANG_WARN_COMMA = YES;
				CLANG_WARN_CONSTANT_CONVERSION = YES;
				CLANG_WARN_DEPRECATED_OBJC_IMPLEMENTATIONS = YES;
				CLANG_WARN_DIRECT_OBJC_ISA_USAGE = YES_ERROR;
				CLANG_WARN_DOCUMENTATION_COMMENTS = YES;
				CLANG_WARN_EMPTY_BODY = YES;
				CLANG_WARN_ENUM_CONVERSION = YES;
				CLANG_WARN_INFINITE_RECURSION = YES;
				CLANG_WARN_INT_CONVERSION = YES;
				CLANG_WARN_NON_LITERAL_NULL_CONVERSION = YES;
				CLANG_WARN_OBJC_IMPLICIT_RETAIN_SELF = YES;
				CLANG_WARN_OBJC_LITERAL_CONVERSION = YES;
				CLANG_WARN_OBJC_ROOT_CLASS = YES_ERROR;
				CLANG_WARN_RANGE_LOOP_ANALYSIS = YES;
				CLANG_WARN_STRICT_PROTOTYPES = YES;
				CLANG_WARN_SUSPICIOUS_MOVE = YES;
				CLANG_WARN_UNGUARDED_AVAILABILITY = YES_AGGRESSIVE;
				CLANG_WARN_UNREACHABLE_CODE = YES;
				CLANG_WARN__DUPLICATE_METHOD_MATCH = YES;
				COPY_PHASE_STRIP = NO;
				DEBUG_INFORMATION_FORMAT = dwarf;
				ENABLE_STRICT_OBJC_MSGSEND = YES;
				ENABLE_TESTABILITY = YES;
				GCC_C_LANGUAGE_STANDARD = gnu11;
				GCC_DYNAMIC_NO_PIC = NO;
				GCC_NO_COMMON_BLOCKS = YES;
				GCC_OPTIMIZATION_LEVEL = 0;
				GCC_PREPROCESSOR_DEFINITIONS = (
					"DEBUG=1",
					"$(inherited)",
				);
				GCC_WARN_64_TO_32_BIT_CONVERSION = YES;
				GCC_WARN_ABOUT_RETURN_TYPE = YES_ERROR;
				GCC_WARN_UNDECLARED_SELECTOR = YES;
				GCC_WARN_UNINITIALIZED_AUTOS = YES_AGGRESSIVE;
				GCC_WARN_UNUSED_FUNCTION = YES;
				GCC_WARN_UNUSED_VARIABLE = YES;
				IPHONEOS_DEPLOYMENT_TARGET = 13.5;
				MTL_ENABLE_DEBUG_INFO = INCLUDE_SOURCE;
				MTL_FAST_MATH = YES;
				ONLY_ACTIVE_ARCH = YES;
				SDKROOT = iphoneos;
				SWIFT_ACTIVE_COMPILATION_CONDITIONS = DEBUG;
				SWIFT_OPTIMIZATION_LEVEL = "-Onone";
			};
			name = Debug;
		};
		4C908E4E24B63CEE00B22FEF /* Release */ = {
			isa = XCBuildConfiguration;
			buildSettings = {
				ALWAYS_SEARCH_USER_PATHS = NO;
				CLANG_ANALYZER_NONNULL = YES;
				CLANG_ANALYZER_NUMBER_OBJECT_CONVERSION = YES_AGGRESSIVE;
				CLANG_CXX_LANGUAGE_STANDARD = "gnu++14";
				CLANG_CXX_LIBRARY = "libc++";
				CLANG_ENABLE_MODULES = YES;
				CLANG_ENABLE_OBJC_ARC = YES;
				CLANG_ENABLE_OBJC_WEAK = YES;
				CLANG_WARN_BLOCK_CAPTURE_AUTORELEASING = YES;
				CLANG_WARN_BOOL_CONVERSION = YES;
				CLANG_WARN_COMMA = YES;
				CLANG_WARN_CONSTANT_CONVERSION = YES;
				CLANG_WARN_DEPRECATED_OBJC_IMPLEMENTATIONS = YES;
				CLANG_WARN_DIRECT_OBJC_ISA_USAGE = YES_ERROR;
				CLANG_WARN_DOCUMENTATION_COMMENTS = YES;
				CLANG_WARN_EMPTY_BODY = YES;
				CLANG_WARN_ENUM_CONVERSION = YES;
				CLANG_WARN_INFINITE_RECURSION = YES;
				CLANG_WARN_INT_CONVERSION = YES;
				CLANG_WARN_NON_LITERAL_NULL_CONVERSION = YES;
				CLANG_WARN_OBJC_IMPLICIT_RETAIN_SELF = YES;
				CLANG_WARN_OBJC_LITERAL_CONVERSION = YES;
				CLANG_WARN_OBJC_ROOT_CLASS = YES_ERROR;
				CLANG_WARN_RANGE_LOOP_ANALYSIS = YES;
				CLANG_WARN_STRICT_PROTOTYPES = YES;
				CLANG_WARN_SUSPICIOUS_MOVE = YES;
				CLANG_WARN_UNGUARDED_AVAILABILITY = YES_AGGRESSIVE;
				CLANG_WARN_UNREACHABLE_CODE = YES;
				CLANG_WARN__DUPLICATE_METHOD_MATCH = YES;
				COPY_PHASE_STRIP = NO;
				DEBUG_INFORMATION_FORMAT = "dwarf-with-dsym";
				ENABLE_NS_ASSERTIONS = NO;
				ENABLE_STRICT_OBJC_MSGSEND = YES;
				GCC_C_LANGUAGE_STANDARD = gnu11;
				GCC_NO_COMMON_BLOCKS = YES;
				GCC_WARN_64_TO_32_BIT_CONVERSION = YES;
				GCC_WARN_ABOUT_RETURN_TYPE = YES_ERROR;
				GCC_WARN_UNDECLARED_SELECTOR = YES;
				GCC_WARN_UNINITIALIZED_AUTOS = YES_AGGRESSIVE;
				GCC_WARN_UNUSED_FUNCTION = YES;
				GCC_WARN_UNUSED_VARIABLE = YES;
				IPHONEOS_DEPLOYMENT_TARGET = 13.5;
				MTL_ENABLE_DEBUG_INFO = NO;
				MTL_FAST_MATH = YES;
				SDKROOT = iphoneos;
				SWIFT_COMPILATION_MODE = wholemodule;
				SWIFT_OPTIMIZATION_LEVEL = "-O";
				VALIDATE_PRODUCT = YES;
			};
			name = Release;
		};
		4C908E5024B63CEE00B22FEF /* Debug */ = {
			isa = XCBuildConfiguration;
			baseConfigurationReference = 54283E219444DC21F603AB11 /* Pods-Jet2DemoApp.debug.xcconfig */;
			buildSettings = {
				ASSETCATALOG_COMPILER_APPICON_NAME = AppIcon;
				CODE_SIGN_STYLE = Automatic;
				INFOPLIST_FILE = Jet2DemoApp/Info.plist;
				LD_RUNPATH_SEARCH_PATHS = (
					"$(inherited)",
					"@executable_path/Frameworks",
				);
				PRODUCT_BUNDLE_IDENTIFIER = jet2iosapp.Jet2DemoApp;
				PRODUCT_NAME = "$(TARGET_NAME)";
				SWIFT_VERSION = 5.0;
				TARGETED_DEVICE_FAMILY = "1,2";
			};
			name = Debug;
		};
		4C908E5124B63CEE00B22FEF /* Release */ = {
			isa = XCBuildConfiguration;
			baseConfigurationReference = A5AB7C43AE06B3980AC53454 /* Pods-Jet2DemoApp.release.xcconfig */;
			buildSettings = {
				ASSETCATALOG_COMPILER_APPICON_NAME = AppIcon;
				CODE_SIGN_STYLE = Automatic;
				INFOPLIST_FILE = Jet2DemoApp/Info.plist;
				LD_RUNPATH_SEARCH_PATHS = (
					"$(inherited)",
					"@executable_path/Frameworks",
				);
				PRODUCT_BUNDLE_IDENTIFIER = jet2iosapp.Jet2DemoApp;
				PRODUCT_NAME = "$(TARGET_NAME)";
				SWIFT_VERSION = 5.0;
				TARGETED_DEVICE_FAMILY = "1,2";
			};
			name = Release;
		};
		4C908E5324B63CEE00B22FEF /* Debug */ = {
			isa = XCBuildConfiguration;
			baseConfigurationReference = 8D01F92CD8D06312711CF007 /* Pods-Jet2DemoAppTests.debug.xcconfig */;
			buildSettings = {
				ALWAYS_EMBED_SWIFT_STANDARD_LIBRARIES = YES;
				BUNDLE_LOADER = "$(TEST_HOST)";
				CODE_SIGN_STYLE = Automatic;
				INFOPLIST_FILE = Jet2DemoAppTests/Info.plist;
				IPHONEOS_DEPLOYMENT_TARGET = 13.5;
				LD_RUNPATH_SEARCH_PATHS = (
					"$(inherited)",
					"@executable_path/Frameworks",
					"@loader_path/Frameworks",
				);
				PRODUCT_BUNDLE_IDENTIFIER = jet2iosapp.Jet2DemoAppTests;
				PRODUCT_NAME = "$(TARGET_NAME)";
				SWIFT_VERSION = 5.0;
				TARGETED_DEVICE_FAMILY = "1,2";
				TEST_HOST = "$(BUILT_PRODUCTS_DIR)/Jet2DemoApp.app/Jet2DemoApp";
			};
			name = Debug;
		};
		4C908E5424B63CEE00B22FEF /* Release */ = {
			isa = XCBuildConfiguration;
			baseConfigurationReference = 7E65AD25936EBF5F41174D2E /* Pods-Jet2DemoAppTests.release.xcconfig */;
			buildSettings = {
				ALWAYS_EMBED_SWIFT_STANDARD_LIBRARIES = YES;
				BUNDLE_LOADER = "$(TEST_HOST)";
				CODE_SIGN_STYLE = Automatic;
				INFOPLIST_FILE = Jet2DemoAppTests/Info.plist;
				IPHONEOS_DEPLOYMENT_TARGET = 13.5;
				LD_RUNPATH_SEARCH_PATHS = (
					"$(inherited)",
					"@executable_path/Frameworks",
					"@loader_path/Frameworks",
				);
				PRODUCT_BUNDLE_IDENTIFIER = jet2iosapp.Jet2DemoAppTests;
				PRODUCT_NAME = "$(TARGET_NAME)";
				SWIFT_VERSION = 5.0;
				TARGETED_DEVICE_FAMILY = "1,2";
				TEST_HOST = "$(BUILT_PRODUCTS_DIR)/Jet2DemoApp.app/Jet2DemoApp";
			};
			name = Release;
		};
		4C908E5624B63CEE00B22FEF /* Debug */ = {
			isa = XCBuildConfiguration;
			baseConfigurationReference = C5B73B5178F648C883EB1071 /* Pods-Jet2DemoApp-Jet2DemoAppUITests.debug.xcconfig */;
			buildSettings = {
				ALWAYS_EMBED_SWIFT_STANDARD_LIBRARIES = YES;
				CODE_SIGN_STYLE = Automatic;
				INFOPLIST_FILE = Jet2DemoAppUITests/Info.plist;
				LD_RUNPATH_SEARCH_PATHS = (
					"$(inherited)",
					"@executable_path/Frameworks",
					"@loader_path/Frameworks",
				);
				PRODUCT_BUNDLE_IDENTIFIER = jet2iosapp.Jet2DemoAppUITests;
				PRODUCT_NAME = "$(TARGET_NAME)";
				SWIFT_VERSION = 5.0;
				TARGETED_DEVICE_FAMILY = "1,2";
				TEST_TARGET_NAME = Jet2DemoApp;
			};
			name = Debug;
		};
		4C908E5724B63CEE00B22FEF /* Release */ = {
			isa = XCBuildConfiguration;
			baseConfigurationReference = 58D3D18312075093C4577800 /* Pods-Jet2DemoApp-Jet2DemoAppUITests.release.xcconfig */;
			buildSettings = {
				ALWAYS_EMBED_SWIFT_STANDARD_LIBRARIES = YES;
				CODE_SIGN_STYLE = Automatic;
				INFOPLIST_FILE = Jet2DemoAppUITests/Info.plist;
				LD_RUNPATH_SEARCH_PATHS = (
					"$(inherited)",
					"@executable_path/Frameworks",
					"@loader_path/Frameworks",
				);
				PRODUCT_BUNDLE_IDENTIFIER = jet2iosapp.Jet2DemoAppUITests;
				PRODUCT_NAME = "$(TARGET_NAME)";
				SWIFT_VERSION = 5.0;
				TARGETED_DEVICE_FAMILY = "1,2";
				TEST_TARGET_NAME = Jet2DemoApp;
			};
			name = Release;
		};
/* End XCBuildConfiguration section */

/* Begin XCConfigurationList section */
		4C908E1D24B63CEC00B22FEF /* Build configuration list for PBXProject "Jet2DemoApp" */ = {
			isa = XCConfigurationList;
			buildConfigurations = (
				4C908E4D24B63CEE00B22FEF /* Debug */,
				4C908E4E24B63CEE00B22FEF /* Release */,
			);
			defaultConfigurationIsVisible = 0;
			defaultConfigurationName = Release;
		};
		4C908E4F24B63CEE00B22FEF /* Build configuration list for PBXNativeTarget "Jet2DemoApp" */ = {
			isa = XCConfigurationList;
			buildConfigurations = (
				4C908E5024B63CEE00B22FEF /* Debug */,
				4C908E5124B63CEE00B22FEF /* Release */,
			);
			defaultConfigurationIsVisible = 0;
			defaultConfigurationName = Release;
		};
		4C908E5224B63CEE00B22FEF /* Build configuration list for PBXNativeTarget "Jet2DemoAppTests" */ = {
			isa = XCConfigurationList;
			buildConfigurations = (
				4C908E5324B63CEE00B22FEF /* Debug */,
				4C908E5424B63CEE00B22FEF /* Release */,
			);
			defaultConfigurationIsVisible = 0;
			defaultConfigurationName = Release;
		};
		4C908E5524B63CEE00B22FEF /* Build configuration list for PBXNativeTarget "Jet2DemoAppUITests" */ = {
			isa = XCConfigurationList;
			buildConfigurations = (
				4C908E5624B63CEE00B22FEF /* Debug */,
				4C908E5724B63CEE00B22FEF /* Release */,
			);
			defaultConfigurationIsVisible = 0;
			defaultConfigurationName = Release;
		};
/* End XCConfigurationList section */

/* Begin XCVersionGroup section */
		4C908E2E24B63CEC00B22FEF /* Jet2DemoApp.xcdatamodeld */ = {
			isa = XCVersionGroup;
			children = (
				4C908E2F24B63CEC00B22FEF /* Jet2DemoApp.xcdatamodel */,
			);
			currentVersion = 4C908E2F24B63CEC00B22FEF /* Jet2DemoApp.xcdatamodel */;
			path = Jet2DemoApp.xcdatamodeld;
			sourceTree = "<group>";
			versionGroupType = wrapper.xcdatamodel;
		};
/* End XCVersionGroup section */
	};
	rootObject = 4C908E1A24B63CEC00B22FEF /* Project object */;
}
